
Microsoft Visual Studio Solution File, Format Version 12.00
# Visual Studio Version 16
VisualStudioVersion = 16.0.32228.343
MinimumVisualStudioVersion = 10.0.40219.1
Project("{FAE04EC0-301F-11D3-BF4B-00C04F79EFBC}") = "Indexer", "Indexer\Indexer.csproj", "{05FD80D9-26F0-4C28-BD3C-213607005984}"
EndProject
Project("{FAE04EC0-301F-11D3-BF4B-00C04F79EFBC}") = "IndexerTest", "IndexerTest\IndexerTest.csproj", "{841BF116-914D-4988-A752-75C7A80E85A0}"
EndProject
Global
	GlobalSection(SolutionConfigurationPlatforms) = preSolution
		Debug|Any CPU = Debug|Any CPU
		Release|Any CPU = Release|Any CPU
	EndGlobalSection
	GlobalSection(ProjectConfigurationPlatforms) = postSolution
		{05FD80D9-26F0-4C28-BD3C-213607005984}.Debug|Any CPU.ActiveCfg = Debug|Any CPU
		{05FD80D9-26F0-4C28-BD3C-213607005984}.Debug|Any CPU.Build.0 = Debug|Any CPU
		{05FD80D9-26F0-4C28-BD3C-213607005984}.Release|Any CPU.ActiveCfg = Release|Any CPU
		{05FD80D9-26F0-4C28-BD3C-213607005984}.Release|Any CPU.Build.0 = Release|Any CPU
		{841BF116-914D-4988-A752-75C7A80E85A0}.Debug|Any CPU.ActiveCfg = Debug|Any CPU
		{841BF116-914D-4988-A752-75C7A80E85A0}.Debug|Any CPU.Build.0 = Debug|Any CPU
		{841BF116-914D-4988-A752-75C7A80E85A0}.Release|Any CPU.ActiveCfg = Release|Any CPU
		{841BF116-914D-4988-A752-75C7A80E85A0}.Release|Any CPU.Build.0 = Release|Any CPU
	EndGlobalSection
	GlobalSection(SolutionProperties) = preSolution
		HideSolutionNode = FALSE
	EndGlobalSection
	GlobalSection(ExtensibilityGlobals) = postSolution
		SolutionGuid = {00769B3A-6C9E-4DB8-8E5A-8AE4852EF388}
	EndGlobalSection
EndGlobal
